
Microsoft Visual Studio Solution File, Format Version 12.00
# Visual Studio Version 16
VisualStudioVersion = 16.0.30114.105
MinimumVisualStudioVersion = 10.0.40219.1
Project("{FAE04EC0-301F-11D3-BF4B-00C04F79EFBC}") = "API", "API\API.csproj", "{B971AA34-2173-400F-8B1E-151476D78BD9}"
EndProject
Project("{FAE04EC0-301F-11D3-BF4B-00C04F79EFBC}") = "Core", "Core\Core.csproj", "{42F27575-8720-4CC6-A373-4F19986891A6}"
EndProject
Project("{FAE04EC0-301F-11D3-BF4B-00C04F79EFBC}") = "Infrastructure", "Infrastructure\Infrastructure.csproj", "{E7ED2D62-72BA-47A2-8E57-CDC3ED8ADCA7}"
EndProject
Global
	GlobalSection(SolutionConfigurationPlatforms) = preSolution
		Debug|Any CPU = Debug|Any CPU
		Release|Any CPU = Release|Any CPU
	EndGlobalSection
	GlobalSection(SolutionProperties) = preSolution
		HideSolutionNode = FALSE
	EndGlobalSection
	GlobalSection(ProjectConfigurationPlatforms) = postSolution
		{B971AA34-2173-400F-8B1E-151476D78BD9}.Debug|Any CPU.ActiveCfg = Debug|Any CPU
		{B971AA34-2173-400F-8B1E-151476D78BD9}.Debug|Any CPU.Build.0 = Debug|Any CPU
		{B971AA34-2173-400F-8B1E-151476D78BD9}.Release|Any CPU.ActiveCfg = Release|Any CPU
		{B971AA34-2173-400F-8B1E-151476D78BD9}.Release|Any CPU.Build.0 = Release|Any CPU
		{42F27575-8720-4CC6-A373-4F19986891A6}.Debug|Any CPU.ActiveCfg = Debug|Any CPU
		{42F27575-8720-4CC6-A373-4F19986891A6}.Debug|Any CPU.Build.0 = Debug|Any CPU
		{42F27575-8720-4CC6-A373-4F19986891A6}.Release|Any CPU.ActiveCfg = Release|Any CPU
		{42F27575-8720-4CC6-A373-4F19986891A6}.Release|Any CPU.Build.0 = Release|Any CPU
		{E7ED2D62-72BA-47A2-8E57-CDC3ED8ADCA7}.Debug|Any CPU.ActiveCfg = Debug|Any CPU
		{E7ED2D62-72BA-47A2-8E57-CDC3ED8ADCA7}.Debug|Any CPU.Build.0 = Debug|Any CPU
		{E7ED2D62-72BA-47A2-8E57-CDC3ED8ADCA7}.Release|Any CPU.ActiveCfg = Release|Any CPU
		{E7ED2D62-72BA-47A2-8E57-CDC3ED8ADCA7}.Release|Any CPU.Build.0 = Release|Any CPU
	EndGlobalSection
EndGlobal
